
Microsoft Visual Studio Solution File, Format Version 12.00
# Visual Studio 15
Project("{FAE04EC0-301F-11D3-BF4B-00C04F79EFBC}") = "MCPForUnity.Runtime", "MCPForUnity.Runtime.csproj", "{E7231C99-65E1-1A72-454D-0948DF100BAB}"
EndProject
Project("{FAE04EC0-301F-11D3-BF4B-00C04F79EFBC}") = "Assembly-CSharp-Editor", "Assembly-CSharp-Editor.csproj", "{677770E0-A0DC-C6C7-94AD-A59009B6DCF7}"
EndProject
Project("{FAE04EC0-301F-11D3-BF4B-00C04F79EFBC}") = "MCPForUnity.Editor", "MCPForUnity.Editor.csproj", "{1E69EEF8-74FA-8BA7-FFFA-2B3C99A9E3E1}"
EndProject
Project("{FAE04EC0-301F-11D3-BF4B-00C04F79EFBC}") = "Assembly-CSharp", "Assembly-CSharp.csproj", "{A124B1B6-E196-3944-1108-2904E9C3DCD3}"
EndProject
Project("{FAE04EC0-301F-11D3-BF4B-00C04F79EFBC}") = "Locus.Editor", "Locus.Editor.csproj", "{92BD5D7B-B398-F702-B255-2CF562341ED7}"
EndProject
Global
	GlobalSection(SolutionConfigurationPlatforms) = preSolution
		Debug|Any CPU = Debug|Any CPU
		Release|Any CPU = Release|Any CPU
	EndGlobalSection
	GlobalSection(ProjectConfigurationPlatforms) = postSolution
		{E7231C99-65E1-1A72-454D-0948DF100BAB}.Debug|Any CPU.ActiveCfg = Debug|Any CPU
		{E7231C99-65E1-1A72-454D-0948DF100BAB}.Debug|Any CPU.Build.0 = Debug|Any CPU
		{E7231C99-65E1-1A72-454D-0948DF100BAB}.Release|Any CPU.ActiveCfg = Release|Any CPU
		{E7231C99-65E1-1A72-454D-0948DF100BAB}.Release|Any CPU.Build.0 = Release|Any CPU
		{677770E0-A0DC-C6C7-94AD-A59009B6DCF7}.Debug|Any CPU.ActiveCfg = Debug|Any CPU
		{677770E0-A0DC-C6C7-94AD-A59009B6DCF7}.Debug|Any CPU.Build.0 = Debug|Any CPU
		{677770E0-A0DC-C6C7-94AD-A59009B6DCF7}.Release|Any CPU.ActiveCfg = Release|Any CPU
		{677770E0-A0DC-C6C7-94AD-A59009B6DCF7}.Release|Any CPU.Build.0 = Release|Any CPU
		{1E69EEF8-74FA-8BA7-FFFA-2B3C99A9E3E1}.Debug|Any CPU.ActiveCfg = Debug|Any CPU
		{1E69EEF8-74FA-8BA7-FFFA-2B3C99A9E3E1}.Debug|Any CPU.Build.0 = Debug|Any CPU
		{1E69EEF8-74FA-8BA7-FFFA-2B3C99A9E3E1}.Release|Any CPU.ActiveCfg = Release|Any CPU
		{1E69EEF8-74FA-8BA7-FFFA-2B3C99A9E3E1}.Release|Any CPU.Build.0 = Release|Any CPU
		{A124B1B6-E196-3944-1108-2904E9C3DCD3}.Debug|Any CPU.ActiveCfg = Debug|Any CPU
		{A124B1B6-E196-3944-1108-2904E9C3DCD3}.Debug|Any CPU.Build.0 = Debug|Any CPU
		{A124B1B6-E196-3944-1108-2904E9C3DCD3}.Release|Any CPU.ActiveCfg = Release|Any CPU
		{A124B1B6-E196-3944-1108-2904E9C3DCD3}.Release|Any CPU.Build.0 = Release|Any CPU
		{92BD5D7B-B398-F702-B255-2CF562341ED7}.Debug|Any CPU.ActiveCfg = Debug|Any CPU
		{92BD5D7B-B398-F702-B255-2CF562341ED7}.Debug|Any CPU.Build.0 = Debug|Any CPU
		{92BD5D7B-B398-F702-B255-2CF562341ED7}.Release|Any CPU.ActiveCfg = Release|Any CPU
		{92BD5D7B-B398-F702-B255-2CF562341ED7}.Release|Any CPU.Build.0 = Release|Any CPU
	EndGlobalSection
	GlobalSection(SolutionProperties) = preSolution
		HideSolutionNode = FALSE
	EndGlobalSection
EndGlobal
